
Microsoft Visual Studio Solution File, Format Version 12.00
# Visual Studio Version 17
VisualStudioVersion = 17.0.31903.59
MinimumVisualStudioVersion = 10.0.40219.1
Project("{2150E333-8FDC-42A3-9474-1A3956D46DE8}") = "src", "src", "{602166AA-0AF3-41C1-9CA8-268B4042672F}"
EndProject
Project("{FAE04EC0-301F-11D3-BF4B-00C04F79EFBC}") = "Core", "src\Core\Core.csproj", "{2E2F5AD2-A6D5-419B-9E41-06E4368C3058}"
EndProject
Global
	GlobalSection(SolutionConfigurationPlatforms) = preSolution
		Debug|Any CPU = Debug|Any CPU
		Release|Any CPU = Release|Any CPU
	EndGlobalSection
	GlobalSection(SolutionProperties) = preSolution
		HideSolutionNode = FALSE
	EndGlobalSection
	GlobalSection(ProjectConfigurationPlatforms) = postSolution
		{2E2F5AD2-A6D5-419B-9E41-06E4368C3058}.Debug|Any CPU.ActiveCfg = Debug|Any CPU
		{2E2F5AD2-A6D5-419B-9E41-06E4368C3058}.Debug|Any CPU.Build.0 = Debug|Any CPU
		{2E2F5AD2-A6D5-419B-9E41-06E4368C3058}.Release|Any CPU.ActiveCfg = Release|Any CPU
		{2E2F5AD2-A6D5-419B-9E41-06E4368C3058}.Release|Any CPU.Build.0 = Release|Any CPU
	EndGlobalSection
	GlobalSection(NestedProjects) = preSolution
		{2E2F5AD2-A6D5-419B-9E41-06E4368C3058} = {602166AA-0AF3-41C1-9CA8-268B4042672F}
	EndGlobalSection
EndGlobal
